// !$*UTF8*$!
{
	archiveVersion = 1;
	classes = {
	};
	objectVersion = 52;
	objects = {

/* Begin PBXBuildFile section */
		D038024023A0DB36009B7586 /* AppDelegate.swift in Sources */ = {isa = PBXBuildFile; fileRef = D038023F23A0DB36009B7586 /* AppDelegate.swift */; };
		D038024223A0DB36009B7586 /* SceneDelegate.swift in Sources */ = {isa = PBXBuildFile; fileRef = D038024123A0DB36009B7586 /* SceneDelegate.swift */; };
		D038024423A0DB36009B7586 /* ContentView.swift in Sources */ = {isa = PBXBuildFile; fileRef = D038024323A0DB36009B7586 /* ContentView.swift */; };
		D038024623A0DB38009B7586 /* Assets.xcassets in Resources */ = {isa = PBXBuildFile; fileRef = D038024523A0DB38009B7586 /* Assets.xcassets */; };
		D038024923A0DB38009B7586 /* Preview Assets.xcassets in Resources */ = {isa = PBXBuildFile; fileRef = D038024823A0DB38009B7586 /* Preview Assets.xcassets */; };
		D038024C23A0DB38009B7586 /* LaunchScreen.storyboard in Resources */ = {isa = PBXBuildFile; fileRef = D038024A23A0DB38009B7586 /* LaunchScreen.storyboard */; };
		D0809D4323A4E26E006BBEF3 /* ProspectsView.swift in Sources */ = {isa = PBXBuildFile; fileRef = D0809D4223A4E26E006BBEF3 /* ProspectsView.swift */; };
		D0809D4523A4E411006BBEF3 /* MeView.swift in Sources */ = {isa = PBXBuildFile; fileRef = D0809D4423A4E411006BBEF3 /* MeView.swift */; };
		D0809D4723A4E4FA006BBEF3 /* Prospect.swift in Sources */ = {isa = PBXBuildFile; fileRef = D0809D4623A4E4FA006BBEF3 /* Prospect.swift */; };
		D0809D4A23A6B882006BBEF3 /* CodeScanner in Frameworks */ = {isa = PBXBuildFile; productRef = D0809D4923A6B882006BBEF3 /* CodeScanner */; };
		D0809D6B23A8CE70006BBEF3 /* FileManagerProspectsStore.swift in Sources */ = {isa = PBXBuildFile; fileRef = D0809D6A23A8CE70006BBEF3 /* FileManagerProspectsStore.swift */; };
		D0809D6D23A8CE8D006BBEF3 /* ProspectsStore.swift in Sources */ = {isa = PBXBuildFile; fileRef = D0809D6C23A8CE8D006BBEF3 /* ProspectsStore.swift */; };
/* End PBXBuildFile section */

/* Begin PBXFileReference section */
		D038023C23A0DB36009B7586 /* HotProspects.app */ = {isa = PBXFileReference; explicitFileType = wrapper.application; includeInIndex = 0; path = HotProspects.app; sourceTree = BUILT_PRODUCTS_DIR; };
		D038023F23A0DB36009B7586 /* AppDelegate.swift */ = {isa = PBXFileReference; lastKnownFileType = sourcecode.swift; path = AppDelegate.swift; sourceTree = "<group>"; };
		D038024123A0DB36009B7586 /* SceneDelegate.swift */ = {isa = PBXFileReference; lastKnownFileType = sourcecode.swift; path = SceneDelegate.swift; sourceTree = "<group>"; };
		D038024323A0DB36009B7586 /* ContentView.swift */ = {isa = PBXFileReference; lastKnownFileType = sourcecode.swift; path = ContentView.swift; sourceTree = "<group>"; };
		D038024523A0DB38009B7586 /* Assets.xcassets */ = {isa = PBXFileReference; lastKnownFileType = folder.assetcatalog; path = Assets.xcassets; sourceTree = "<group>"; };
		D038024823A0DB38009B7586 /* Preview Assets.xcassets */ = {isa = PBXFileReference; lastKnownFileType = folder.assetcatalog; path = "Preview Assets.xcassets"; sourceTree = "<group>"; };
		D038024B23A0DB38009B7586 /* Base */ = {isa = PBXFileReference; lastKnownFileType = file.storyboard; name = Base; path = Base.lproj/LaunchScreen.storyboard; sourceTree = "<group>"; };
		D038024D23A0DB38009B7586 /* Info.plist */ = {isa = PBXFileReference; lastKnownFileType = text.plist.xml; path = Info.plist; sourceTree = "<group>"; };
		D0809D4223A4E26E006BBEF3 /* ProspectsView.swift */ = {isa = PBXFileReference; lastKnownFileType = sourcecode.swift; path = ProspectsView.swift; sourceTree = "<group>"; };
		D0809D4423A4E411006BBEF3 /* MeView.swift */ = {isa = PBXFileReference; lastKnownFileType = sourcecode.swift; path = MeView.swift; sourceTree = "<group>"; };
		D0809D4623A4E4FA006BBEF3 /* Prospect.swift */ = {isa = PBXFileReference; lastKnownFileType = sourcecode.swift; path = Prospect.swift; sourceTree = "<group>"; };
		D0809D6A23A8CE70006BBEF3 /* FileManagerProspectsStore.swift */ = {isa = PBXFileReference; lastKnownFileType = sourcecode.swift; path = FileManagerProspectsStore.swift; sourceTree = "<group>"; };
		D0809D6C23A8CE8D006BBEF3 /* ProspectsStore.swift */ = {isa = PBXFileReference; lastKnownFileType = sourcecode.swift; path = ProspectsStore.swift; sourceTree = "<group>"; };
/* End PBXFileReference section */

/* Begin PBXFrameworksBuildPhase section */
		D038023923A0DB36009B7586 /* Frameworks */ = {
			isa = PBXFrameworksBuildPhase;
			buildActionMask = 2147483647;
			files = (
				D0809D4A23A6B882006BBEF3 /* CodeScanner in Frameworks */,
			);
			runOnlyForDeploymentPostprocessing = 0;
		};
/* End PBXFrameworksBuildPhase section */

/* Begin PBXGroup section */
		D038023323A0DB36009B7586 = {
			isa = PBXGroup;
			children = (
				D038023E23A0DB36009B7586 /* HotProspects */,
				D038023D23A0DB36009B7586 /* Products */,
			);
			sourceTree = "<group>";
		};
		D038023D23A0DB36009B7586 /* Products */ = {
			isa = PBXGroup;
			children = (
				D038023C23A0DB36009B7586 /* HotProspects.app */,
			);
			name = Products;
			sourceTree = "<group>";
		};
		D038023E23A0DB36009B7586 /* HotProspects */ = {
			isa = PBXGroup;
			children = (
				D038023F23A0DB36009B7586 /* AppDelegate.swift */,
				D038024123A0DB36009B7586 /* SceneDelegate.swift */,
				D038024323A0DB36009B7586 /* ContentView.swift */,
				D0809D4223A4E26E006BBEF3 /* ProspectsView.swift */,
				D0809D4423A4E411006BBEF3 /* MeView.swift */,
				D0809D4623A4E4FA006BBEF3 /* Prospect.swift */,
				D038024523A0DB38009B7586 /* Assets.xcassets */,
				D038024A23A0DB38009B7586 /* LaunchScreen.storyboard */,
				D038024D23A0DB38009B7586 /* Info.plist */,
				D038024723A0DB38009B7586 /* Preview Content */,
				D0809D6A23A8CE70006BBEF3 /* FileManagerProspectsStore.swift */,
				D0809D6C23A8CE8D006BBEF3 /* ProspectsStore.swift */,
			);
			path = HotProspects;
			sourceTree = "<group>";
		};
		D038024723A0DB38009B7586 /* Preview Content */ = {
			isa = PBXGroup;
			children = (
				D038024823A0DB38009B7586 /* Preview Assets.xcassets */,
			);
			path = "Preview Content";
			sourceTree = "<group>";
		};
/* End PBXGroup section */

/* Begin PBXNativeTarget section */
		D038023B23A0DB36009B7586 /* HotProspects */ = {
			isa = PBXNativeTarget;
			buildConfigurationList = D038025023A0DB38009B7586 /* Build configuration list for PBXNativeTarget "HotProspects" */;
			buildPhases = (
				D038023823A0DB36009B7586 /* Sources */,
				D038023923A0DB36009B7586 /* Frameworks */,
				D038023A23A0DB36009B7586 /* Resources */,
			);
			buildRules = (
			);
			dependencies = (
			);
			name = HotProspects;
			packageProductDependencies = (
				D0809D4923A6B882006BBEF3 /* CodeScanner */,
			);
			productName = HotProspects;
			productReference = D038023C23A0DB36009B7586 /* HotProspects.app */;
			productType = "com.apple.product-type.application";
		};
/* End PBXNativeTarget section */

/* Begin PBXProject section */
		D038023423A0DB36009B7586 /* Project object */ = {
			isa = PBXProject;
			attributes = {
				LastSwiftUpdateCheck = 1130;
				LastUpgradeCheck = 1130;
				ORGANIZATIONNAME = "Peter Barclay";
				TargetAttributes = {
					D038023B23A0DB36009B7586 = {
						CreatedOnToolsVersion = 11.3;
					};
				};
			};
			buildConfigurationList = D038023723A0DB36009B7586 /* Build configuration list for PBXProject "HotProspects" */;
			compatibilityVersion = "Xcode 9.3";
			developmentRegion = en;
			hasScannedForEncodings = 0;
			knownRegions = (
				en,
				Base,
			);
			mainGroup = D038023323A0DB36009B7586;
			packageReferences = (
				D0809D4823A6B882006BBEF3 /* XCRemoteSwiftPackageReference "CodeScanner" */,
			);
			productRefGroup = D038023D23A0DB36009B7586 /* Products */;
			projectDirPath = "";
			projectRoot = "";
			targets = (
				D038023B23A0DB36009B7586 /* HotProspects */,
			);
		};
/* End PBXProject section */

/* Begin PBXResourcesBuildPhase section */
		D038023A23A0DB36009B7586 /* Resources */ = {
			isa = PBXResourcesBuildPhase;
			buildActionMask = 2147483647;
			files = (
				D038024C23A0DB38009B7586 /* LaunchScreen.storyboard in Resources */,
				D038024923A0DB38009B7586 /* Preview Assets.xcassets in Resources */,
				D038024623A0DB38009B7586 /* Assets.xcassets in Resources */,
			);
			runOnlyForDeploymentPostprocessing = 0;
		};
/* End PBXResourcesBuildPhase section */

/* Begin PBXSourcesBuildPhase section */
		D038023823A0DB36009B7586 /* Sources */ = {
			isa = PBXSourcesBuildPhase;
			buildActionMask = 2147483647;
			files = (
				D0809D4323A4E26E006BBEF3 /* ProspectsView.swift in Sources */,
				D0809D6B23A8CE70006BBEF3 /* FileManagerProspectsStore.swift in Sources */,
				D0809D4723A4E4FA006BBEF3 /* Prospect.swift in Sources */,
				D038024023A0DB36009B7586 /* AppDelegate.swift in Sources */,
				D038024223A0DB36009B7586 /* SceneDelegate.swift in Sources */,
				D038024423A0DB36009B7586 /* ContentView.swift in Sources */,
				D0809D4523A4E411006BBEF3 /* MeView.swift in Sources */,
				D0809D6D23A8CE8D006BBEF3 /* ProspectsStore.swift in Sources */,
			);
			runOnlyForDeploymentPostprocessing = 0;
		};
/* End PBXSourcesBuildPhase section */

/* Begin PBXVariantGroup section */
		D038024A23A0DB38009B7586 /* LaunchScreen.storyboard */ = {
			isa = PBXVariantGroup;
			children = (
				D038024B23A0DB38009B7586 /* Base */,
			);
			name = LaunchScreen.storyboard;
			sourceTree = "<group>";
		};
/* End PBXVariantGroup section */

/* Begin XCBuildConfiguration section */
		D038024E23A0DB38009B7586 /* Debug */ = {
			isa = XCBuildConfiguration;
			buildSettings = {
				ALWAYS_SEARCH_USER_PATHS = NO;
				CLANG_ANALYZER_NONNULL = YES;
				CLANG_ANALYZER_NUMBER_OBJECT_CONVERSION = YES_AGGRESSIVE;
				CLANG_CXX_LANGUAGE_STANDARD = "gnu++14";
				CLANG_CXX_LIBRARY = "libc++";
				CLANG_ENABLE_MODULES = YES;
				CLANG_ENABLE_OBJC_ARC = YES;
				CLANG_ENABLE_OBJC_WEAK = YES;
				CLANG_WARN_BLOCK_CAPTURE_AUTORELEASING = YES;
				CLANG_WARN_BOOL_CONVERSION = YES;
				CLANG_WARN_COMMA = YES;
				CLANG_WARN_CONSTANT_CONVERSION = YES;
				CLANG_WARN_DEPRECATED_OBJC_IMPLEMENTATIONS = YES;
				CLANG_WARN_DIRECT_OBJC_ISA_USAGE = YES_ERROR;
				CLANG_WARN_DOCUMENTATION_COMMENTS = YES;
				CLANG_WARN_EMPTY_BODY = YES;
				CLANG_WARN_ENUM_CONVERSION = YES;
				CLANG_WARN_INFINITE_RECURSION = YES;
				CLANG_WARN_INT_CONVERSION = YES;
				CLANG_WARN_NON_LITERAL_NULL_CONVERSION = YES;
				CLANG_WARN_OBJC_IMPLICIT_RETAIN_SELF = YES;
				CLANG_WARN_OBJC_LITERAL_CONVERSION = YES;
				CLANG_WARN_OBJC_ROOT_CLASS = YES_ERROR;
				CLANG_WARN_RANGE_LOOP_ANALYSIS = YES;
				CLANG_WARN_STRICT_PROTOTYPES = YES;
				CLANG_WARN_SUSPICIOUS_MOVE = YES;
				CLANG_WARN_UNGUARDED_AVAILABILITY = YES_AGGRESSIVE;
				CLANG_WARN_UNREACHABLE_CODE = YES;
				CLANG_WARN__DUPLICATE_METHOD_MATCH = YES;
				COPY_PHASE_STRIP = NO;
				DEBUG_INFORMATION_FORMAT = dwarf;
				ENABLE_STRICT_OBJC_MSGSEND = YES;
				ENABLE_TESTABILITY = YES;
				GCC_C_LANGUAGE_STANDARD = gnu11;
				GCC_DYNAMIC_NO_PIC = NO;
				GCC_NO_COMMON_BLOCKS = YES;
				GCC_OPTIMIZATION_LEVEL = 0;
				GCC_PREPROCESSOR_DEFINITIONS = (
					"DEBUG=1",
					"$(inherited)",
				);
				GCC_WARN_64_TO_32_BIT_CONVERSION = YES;
				GCC_WARN_ABOUT_RETURN_TYPE = YES_ERROR;
				GCC_WARN_UNDECLARED_SELECTOR = YES;
				GCC_WARN_UNINITIALIZED_AUTOS = YES_AGGRESSIVE;
				GCC_WARN_UNUSED_FUNCTION = YES;
				GCC_WARN_UNUSED_VARIABLE = YES;
				IPHONEOS_DEPLOYMENT_TARGET = 13.2;
				MTL_ENABLE_DEBUG_INFO = INCLUDE_SOURCE;
				MTL_FAST_MATH = YES;
				ONLY_ACTIVE_ARCH = YES;
				SDKROOT = iphoneos;
				SWIFT_ACTIVE_COMPILATION_CONDITIONS = DEBUG;
				SWIFT_OPTIMIZATION_LEVEL = "-Onone";
			};
			name = Debug;
		};
		D038024F23A0DB38009B7586 /* Release */ = {
			isa = XCBuildConfiguration;
			buildSettings = {
				ALWAYS_SEARCH_USER_PATHS = NO;
				CLANG_ANALYZER_NONNULL = YES;
				CLANG_ANALYZER_NUMBER_OBJECT_CONVERSION = YES_AGGRESSIVE;
				CLANG_CXX_LANGUAGE_STANDARD = "gnu++14";
				CLANG_CXX_LIBRARY = "libc++";
				CLANG_ENABLE_MODULES = YES;
				CLANG_ENABLE_OBJC_ARC = YES;
				CLANG_ENABLE_OBJC_WEAK = YES;
				CLANG_WARN_BLOCK_CAPTURE_AUTORELEASING = YES;
				CLANG_WARN_BOOL_CONVERSION = YES;
				CLANG_WARN_COMMA = YES;
				CLANG_WARN_CONSTANT_CONVERSION = YES;
				CLANG_WARN_DEPRECATED_OBJC_IMPLEMENTATIONS = YES;
				CLANG_WARN_DIRECT_OBJC_ISA_USAGE = YES_ERROR;
				CLANG_WARN_DOCUMENTATION_COMMENTS = YES;
				CLANG_WARN_EMPTY_BODY = YES;
				CLANG_WARN_ENUM_CONVERSION = YES;
				CLANG_WARN_INFINITE_RECURSION = YES;
				CLANG_WARN_INT_CONVERSION = YES;
				CLANG_WARN_NON_LITERAL_NULL_CONVERSION = YES;
				CLANG_WARN_OBJC_IMPLICIT_RETAIN_SELF = YES;
				CLANG_WARN_OBJC_LITERAL_CONVERSION = YES;
				CLANG_WARN_OBJC_ROOT_CLASS = YES_ERROR;
				CLANG_WARN_RANGE_LOOP_ANALYSIS = YES;
				CLANG_WARN_STRICT_PROTOTYPES = YES;
				CLANG_WARN_SUSPICIOUS_MOVE = YES;
				CLANG_WARN_UNGUARDED_AVAILABILITY = YES_AGGRESSIVE;
				CLANG_WARN_UNREACHABLE_CODE = YES;
				CLANG_WARN__DUPLICATE_METHOD_MATCH = YES;
				COPY_PHASE_STRIP = NO;
				DEBUG_INFORMATION_FORMAT = "dwarf-with-dsym";
				ENABLE_NS_ASSERTIONS = NO;
				ENABLE_STRICT_OBJC_MSGSEND = YES;
				GCC_C_LANGUAGE_STANDARD = gnu11;
				GCC_NO_COMMON_BLOCKS = YES;
				GCC_WARN_64_TO_32_BIT_CONVERSION = YES;
				GCC_WARN_ABOUT_RETURN_TYPE = YES_ERROR;
				GCC_WARN_UNDECLARED_SELECTOR = YES;
				GCC_WARN_UNINITIALIZED_AUTOS = YES_AGGRESSIVE;
				GCC_WARN_UNUSED_FUNCTION = YES;
				GCC_WARN_UNUSED_VARIABLE = YES;
				IPHONEOS_DEPLOYMENT_TARGET = 13.2;
				MTL_ENABLE_DEBUG_INFO = NO;
				MTL_FAST_MATH = YES;
				SDKROOT = iphoneos;
				SWIFT_COMPILATION_MODE = wholemodule;
				SWIFT_OPTIMIZATION_LEVEL = "-O";
				VALIDATE_PRODUCT = YES;
			};
			name = Release;
		};
		D038025123A0DB38009B7586 /* Debug */ = {
			isa = XCBuildConfiguration;
			buildSettings = {
				ASSETCATALOG_COMPILER_APPICON_NAME = AppIcon;
				CODE_SIGN_STYLE = Automatic;
				DEVELOPMENT_ASSET_PATHS = "\"HotProspects/Preview Content\"";
				DEVELOPMENT_TEAM = 89992W8CJ7;
				ENABLE_PREVIEWS = YES;
				INFOPLIST_FILE = HotProspects/Info.plist;
				LD_RUNPATH_SEARCH_PATHS = (
					"$(inherited)",
					"@executable_path/Frameworks",
				);
				PRODUCT_BUNDLE_IDENTIFIER = "peter-peter-barclay.com.HotProspects";
				PRODUCT_NAME = "$(TARGET_NAME)";
				SWIFT_VERSION = 5.0;
				TARGETED_DEVICE_FAMILY = "1,2";
			};
			name = Debug;
		};
		D038025223A0DB38009B7586 /* Release */ = {
			isa = XCBuildConfiguration;
			buildSettings = {
				ASSETCATALOG_COMPILER_APPICON_NAME = AppIcon;
				CODE_SIGN_STYLE = Automatic;
				DEVELOPMENT_ASSET_PATHS = "\"HotProspects/Preview Content\"";
				DEVELOPMENT_TEAM = 89992W8CJ7;
				ENABLE_PREVIEWS = YES;
				INFOPLIST_FILE = HotProspects/Info.plist;
				LD_RUNPATH_SEARCH_PATHS = (
					"$(inherited)",
					"@executable_path/Frameworks",
				);
				PRODUCT_BUNDLE_IDENTIFIER = "peter-peter-barclay.com.HotProspects";
				PRODUCT_NAME = "$(TARGET_NAME)";
				SWIFT_VERSION = 5.0;
				TARGETED_DEVICE_FAMILY = "1,2";
			};
			name = Release;
		};
/* End XCBuildConfiguration section */

/* Begin XCConfigurationList section */
		D038023723A0DB36009B7586 /* Build configuration list for PBXProject "HotProspects" */ = {
			isa = XCConfigurationList;
			buildConfigurations = (
				D038024E23A0DB38009B7586 /* Debug */,
				D038024F23A0DB38009B7586 /* Release */,
			);
			defaultConfigurationIsVisible = 0;
			defaultConfigurationName = Release;
		};
		D038025023A0DB38009B7586 /* Build configuration list for PBXNativeTarget "HotProspects" */ = {
			isa = XCConfigurationList;
			buildConfigurations = (
				D038025123A0DB38009B7586 /* Debug */,
				D038025223A0DB38009B7586 /* Release */,
			);
			defaultConfigurationIsVisible = 0;
			defaultConfigurationName = Release;
		};
/* End XCConfigurationList section */

/* Begin XCRemoteSwiftPackageReference section */
		D0809D4823A6B882006BBEF3 /* XCRemoteSwiftPackageReference "CodeScanner" */ = {
			isa = XCRemoteSwiftPackageReference;
			repositoryURL = "https://github.com/twostraws/CodeScanner";
			requirement = {
				kind = upToNextMajorVersion;
				minimumVersion = 1.0.1;
			};
		};
/* End XCRemoteSwiftPackageReference section */

/* Begin XCSwiftPackageProductDependency section */
		D0809D4923A6B882006BBEF3 /* CodeScanner */ = {
			isa = XCSwiftPackageProductDependency;
			package = D0809D4823A6B882006BBEF3 /* XCRemoteSwiftPackageReference "CodeScanner" */;
			productName = CodeScanner;
		};
/* End XCSwiftPackageProductDependency section */
	};
	rootObject = D038023423A0DB36009B7586 /* Project object */;
}
